
Microsoft Visual Studio Solution File, Format Version 12.00
# Visual Studio Version 17
VisualStudioVersion = 17.13.35931.197 d17.13
MinimumVisualStudioVersion = 10.0.40219.1
Project("{FAE04EC0-301F-11D3-BF4B-00C04F79EFBC}") = "Patient System", "Patient System\Patient System.csproj", "{37F04C0B-1446-49C1-974F-E00EA5EBBBC7}"
EndProject
Global
	GlobalSection(SolutionConfigurationPlatforms) = preSolution
		Debug|Any CPU = Debug|Any CPU
		Release|Any CPU = Release|Any CPU
	EndGlobalSection
	GlobalSection(ProjectConfigurationPlatforms) = postSolution
		{37F04C0B-1446-49C1-974F-E00EA5EBBBC7}.Debug|Any CPU.ActiveCfg = Debug|Any CPU
		{37F04C0B-1446-49C1-974F-E00EA5EBBBC7}.Debug|Any CPU.Build.0 = Debug|Any CPU
		{37F04C0B-1446-49C1-974F-E00EA5EBBBC7}.Release|Any CPU.ActiveCfg = Release|Any CPU
		{37F04C0B-1446-49C1-974F-E00EA5EBBBC7}.Release|Any CPU.Build.0 = Release|Any CPU
	EndGlobalSection
	GlobalSection(SolutionProperties) = preSolution
		HideSolutionNode = FALSE
	EndGlobalSection
	GlobalSection(ExtensibilityGlobals) = postSolution
		SolutionGuid = {BCAA689B-52CC-493C-8DE5-ED7C4F906882}
	EndGlobalSection
EndGlobal
